
Microsoft Visual Studio Solution File, Format Version 12.00
# Visual Studio 15
VisualStudioVersion = 15.0.28307.852
MinimumVisualStudioVersion = 10.0.40219.1
Project("{E24C65DC-7377-472B-9ABA-BC803B73C61A}") = "忘忧博客", ".", "{942D9623-B4E2-41B2-BD84-3A21697A13C5}"
	ProjectSection(WebsiteProperties) = preProject
		TargetFrameworkMoniker = ".NETFramework,Version%3Dv4.0"
		Debug.AspNetCompiler.VirtualPath = "/localhost_55763"
		Debug.AspNetCompiler.PhysicalPath = "..\忘忧博客\"
		Debug.AspNetCompiler.TargetPath = "PrecompiledWeb\localhost_55763\"
		Debug.AspNetCompiler.Updateable = "true"
		Debug.AspNetCompiler.ForceOverwrite = "true"
		Debug.AspNetCompiler.FixedNames = "false"
		Debug.AspNetCompiler.Debug = "True"
		Release.AspNetCompiler.VirtualPath = "/localhost_55763"
		Release.AspNetCompiler.PhysicalPath = "..\忘忧博客\"
		Release.AspNetCompiler.TargetPath = "PrecompiledWeb\localhost_55763\"
		Release.AspNetCompiler.Updateable = "true"
		Release.AspNetCompiler.ForceOverwrite = "true"
		Release.AspNetCompiler.FixedNames = "false"
		Release.AspNetCompiler.Debug = "False"
		VWDPort = "55763"
		SlnRelativePath = "..\忘忧博客\"
	EndProjectSection
EndProject
Global
	GlobalSection(SolutionConfigurationPlatforms) = preSolution
		Debug|Any CPU = Debug|Any CPU
	EndGlobalSection
	GlobalSection(ProjectConfigurationPlatforms) = postSolution
		{942D9623-B4E2-41B2-BD84-3A21697A13C5}.Debug|Any CPU.ActiveCfg = Debug|Any CPU
		{942D9623-B4E2-41B2-BD84-3A21697A13C5}.Debug|Any CPU.Build.0 = Debug|Any CPU
	EndGlobalSection
	GlobalSection(SolutionProperties) = preSolution
		HideSolutionNode = FALSE
	EndGlobalSection
	GlobalSection(ExtensibilityGlobals) = postSolution
		SolutionGuid = {DFE8B04C-4801-4FC4-8BA0-F67B9FBBFC67}
	EndGlobalSection
EndGlobal
